
Microsoft Visual Studio Solution File, Format Version 12.00
# Visual Studio Version 17
VisualStudioVersion = 17.1.32328.378
MinimumVisualStudioVersion = 10.0.40219.1
Project("{FAE04EC0-301F-11D3-BF4B-00C04F79EFBC}") = "NewLambdaTest", "NewLambdaTest.csproj", "{9E71D0B6-FEE3-4196-B27A-67B3C9670F2D}"
EndProject
Global
	GlobalSection(SolutionConfigurationPlatforms) = preSolution
		Debug|Any CPU = Debug|Any CPU
		Release|Any CPU = Release|Any CPU
	EndGlobalSection
	GlobalSection(ProjectConfigurationPlatforms) = postSolution
		{9E71D0B6-FEE3-4196-B27A-67B3C9670F2D}.Debug|Any CPU.ActiveCfg = Debug|Any CPU
		{9E71D0B6-FEE3-4196-B27A-67B3C9670F2D}.Debug|Any CPU.Build.0 = Debug|Any CPU
		{9E71D0B6-FEE3-4196-B27A-67B3C9670F2D}.Release|Any CPU.ActiveCfg = Release|Any CPU
		{9E71D0B6-FEE3-4196-B27A-67B3C9670F2D}.Release|Any CPU.Build.0 = Release|Any CPU
	EndGlobalSection
	GlobalSection(SolutionProperties) = preSolution
		HideSolutionNode = FALSE
	EndGlobalSection
	GlobalSection(ExtensibilityGlobals) = postSolution
		SolutionGuid = {852CBBEF-3462-4066-833B-5171CBB9AE80}
	EndGlobalSection
EndGlobal
